
Microsoft Visual Studio Solution File, Format Version 12.00
Project("{FAE04EC0-301F-11D3-BF4B-00C04F79EFBC}") = "BL", "BL\BL.csproj", "{B483F211-78A9-4471-AED2-409429B263E1}"
EndProject
Project("{FAE04EC0-301F-11D3-BF4B-00C04F79EFBC}") = "DAL", "DAL\DAL.csproj", "{A6882ED6-AC6A-402C-B9EC-EF141C7512D8}"
EndProject
Project("{FAE04EC0-301F-11D3-BF4B-00C04F79EFBC}") = "Domein", "Domein\Domein.csproj", "{6385BA2D-BCD7-44BC-9BBE-CBBF9458C0C0}"
EndProject
Project("{FAE04EC0-301F-11D3-BF4B-00C04F79EFBC}") = "UI-CA", "UI-CA\UI-CA.csproj", "{D3B0B099-D437-4188-B56C-573FDE1354CB}"
EndProject
Project("{FAE04EC0-301F-11D3-BF4B-00C04F79EFBC}") = "UI-MVC", "UI-MVC\UI-MVC.csproj", "{F9A8BE5E-4A08-46FD-8DE7-B50FA7AF0F5D}"
EndProject
Global
	GlobalSection(SolutionConfigurationPlatforms) = preSolution
		Debug|Any CPU = Debug|Any CPU
		Release|Any CPU = Release|Any CPU
	EndGlobalSection
	GlobalSection(ProjectConfigurationPlatforms) = postSolution
		{B483F211-78A9-4471-AED2-409429B263E1}.Debug|Any CPU.ActiveCfg = Debug|Any CPU
		{B483F211-78A9-4471-AED2-409429B263E1}.Debug|Any CPU.Build.0 = Debug|Any CPU
		{B483F211-78A9-4471-AED2-409429B263E1}.Release|Any CPU.ActiveCfg = Release|Any CPU
		{B483F211-78A9-4471-AED2-409429B263E1}.Release|Any CPU.Build.0 = Release|Any CPU
		{A6882ED6-AC6A-402C-B9EC-EF141C7512D8}.Debug|Any CPU.ActiveCfg = Debug|Any CPU
		{A6882ED6-AC6A-402C-B9EC-EF141C7512D8}.Debug|Any CPU.Build.0 = Debug|Any CPU
		{A6882ED6-AC6A-402C-B9EC-EF141C7512D8}.Release|Any CPU.ActiveCfg = Release|Any CPU
		{A6882ED6-AC6A-402C-B9EC-EF141C7512D8}.Release|Any CPU.Build.0 = Release|Any CPU
		{6385BA2D-BCD7-44BC-9BBE-CBBF9458C0C0}.Debug|Any CPU.ActiveCfg = Debug|Any CPU
		{6385BA2D-BCD7-44BC-9BBE-CBBF9458C0C0}.Debug|Any CPU.Build.0 = Debug|Any CPU
		{6385BA2D-BCD7-44BC-9BBE-CBBF9458C0C0}.Release|Any CPU.ActiveCfg = Release|Any CPU
		{6385BA2D-BCD7-44BC-9BBE-CBBF9458C0C0}.Release|Any CPU.Build.0 = Release|Any CPU
		{D3B0B099-D437-4188-B56C-573FDE1354CB}.Debug|Any CPU.ActiveCfg = Debug|Any CPU
		{D3B0B099-D437-4188-B56C-573FDE1354CB}.Debug|Any CPU.Build.0 = Debug|Any CPU
		{D3B0B099-D437-4188-B56C-573FDE1354CB}.Release|Any CPU.ActiveCfg = Release|Any CPU
		{D3B0B099-D437-4188-B56C-573FDE1354CB}.Release|Any CPU.Build.0 = Release|Any CPU
		{F9A8BE5E-4A08-46FD-8DE7-B50FA7AF0F5D}.Debug|Any CPU.ActiveCfg = Debug|Any CPU
		{F9A8BE5E-4A08-46FD-8DE7-B50FA7AF0F5D}.Debug|Any CPU.Build.0 = Debug|Any CPU
		{F9A8BE5E-4A08-46FD-8DE7-B50FA7AF0F5D}.Release|Any CPU.ActiveCfg = Release|Any CPU
		{F9A8BE5E-4A08-46FD-8DE7-B50FA7AF0F5D}.Release|Any CPU.Build.0 = Release|Any CPU
	EndGlobalSection
EndGlobal
